// !$*UTF8*$!
{
	archiveVersion = 1;
	classes = {
	};
	objectVersion = 46;
	objects = {

/* Begin PBXBuildFile section */
		989DD3C91BA42E36000ACD5C /* main.m in Sources */ = {isa = PBXBuildFile; fileRef = 989DD3C81BA42E36000ACD5C /* main.m */; };
		989DD3CC1BA42E36000ACD5C /* AppDelegate.m in Sources */ = {isa = PBXBuildFile; fileRef = 989DD3CB1BA42E36000ACD5C /* AppDelegate.m */; };
		989DD3CF1BA42E36000ACD5C /* ViewController.m in Sources */ = {isa = PBXBuildFile; fileRef = 989DD3CE1BA42E36000ACD5C /* ViewController.m */; };
		989DD3D21BA42E36000ACD5C /* Main.storyboard in Resources */ = {isa = PBXBuildFile; fileRef = 989DD3D01BA42E36000ACD5C /* Main.storyboard */; };
		989DD3D41BA42E36000ACD5C /* Images.xcassets in Resources */ = {isa = PBXBuildFile; fileRef = 989DD3D31BA42E36000ACD5C /* Images.xcassets */; };
		989DD3D71BA42E36000ACD5C /* LaunchScreen.xib in Resources */ = {isa = PBXBuildFile; fileRef = 989DD3D51BA42E36000ACD5C /* LaunchScreen.xib */; };
		989DD3E31BA42E36000ACD5C /* NSDateUtilTests.m in Sources */ = {isa = PBXBuildFile; fileRef = 989DD3E21BA42E36000ACD5C /* NSDateUtilTests.m */; };
		989DD3EF1BA430EE000ACD5C /* NSDate+Util.m in Sources */ = {isa = PBXBuildFile; fileRef = 989DD3EE1BA430EE000ACD5C /* NSDate+Util.m */; };
/* End PBXBuildFile section */

/* Begin PBXContainerItemProxy section */
		989DD3DD1BA42E36000ACD5C /* PBXContainerItemProxy */ = {
			isa = PBXContainerItemProxy;
			containerPortal = 989DD3BB1BA42E36000ACD5C /* Project object */;
			proxyType = 1;
			remoteGlobalIDString = 989DD3C21BA42E36000ACD5C;
			remoteInfo = NSDateUtil;
		};
/* End PBXContainerItemProxy section */

/* Begin PBXFileReference section */
		989DD3C31BA42E36000ACD5C /* NSDateUtil.app */ = {isa = PBXFileReference; explicitFileType = wrapper.application; includeInIndex = 0; path = NSDateUtil.app; sourceTree = BUILT_PRODUCTS_DIR; };
		989DD3C71BA42E36000ACD5C /* Info.plist */ = {isa = PBXFileReference; lastKnownFileType = text.plist.xml; path = Info.plist; sourceTree = "<group>"; };
		989DD3C81BA42E36000ACD5C /* main.m */ = {isa = PBXFileReference; lastKnownFileType = sourcecode.c.objc; path = main.m; sourceTree = "<group>"; };
		989DD3CA1BA42E36000ACD5C /* AppDelegate.h */ = {isa = PBXFileReference; lastKnownFileType = sourcecode.c.h; path = AppDelegate.h; sourceTree = "<group>"; };
		989DD3CB1BA42E36000ACD5C /* AppDelegate.m */ = {isa = PBXFileReference; lastKnownFileType = sourcecode.c.objc; path = AppDelegate.m; sourceTree = "<group>"; };
		989DD3CD1BA42E36000ACD5C /* ViewController.h */ = {isa = PBXFileReference; lastKnownFileType = sourcecode.c.h; path = ViewController.h; sourceTree = "<group>"; };
		989DD3CE1BA42E36000ACD5C /* ViewController.m */ = {isa = PBXFileReference; lastKnownFileType = sourcecode.c.objc; path = ViewController.m; sourceTree = "<group>"; };
		989DD3D11BA42E36000ACD5C /* Base */ = {isa = PBXFileReference; lastKnownFileType = file.storyboard; name = Base; path = Base.lproj/Main.storyboard; sourceTree = "<group>"; };
		989DD3D31BA42E36000ACD5C /* Images.xcassets */ = {isa = PBXFileReference; lastKnownFileType = folder.assetcatalog; path = Images.xcassets; sourceTree = "<group>"; };
		989DD3D61BA42E36000ACD5C /* Base */ = {isa = PBXFileReference; lastKnownFileType = file.xib; name = Base; path = Base.lproj/LaunchScreen.xib; sourceTree = "<group>"; };
		989DD3DC1BA42E36000ACD5C /* NSDateUtilTests.xctest */ = {isa = PBXFileReference; explicitFileType = wrapper.cfbundle; includeInIndex = 0; path = NSDateUtilTests.xctest; sourceTree = BUILT_PRODUCTS_DIR; };
		989DD3E11BA42E36000ACD5C /* Info.plist */ = {isa = PBXFileReference; lastKnownFileType = text.plist.xml; path = Info.plist; sourceTree = "<group>"; };
		989DD3E21BA42E36000ACD5C /* NSDateUtilTests.m */ = {isa = PBXFileReference; lastKnownFileType = sourcecode.c.objc; path = NSDateUtilTests.m; sourceTree = "<group>"; };
		989DD3ED1BA430EE000ACD5C /* NSDate+Util.h */ = {isa = PBXFileReference; fileEncoding = 4; lastKnownFileType = sourcecode.c.h; path = "NSDate+Util.h"; sourceTree = "<group>"; };
		989DD3EE1BA430EE000ACD5C /* NSDate+Util.m */ = {isa = PBXFileReference; fileEncoding = 4; lastKnownFileType = sourcecode.c.objc; path = "NSDate+Util.m"; sourceTree = "<group>"; };
/* End PBXFileReference section */

/* Begin PBXFrameworksBuildPhase section */
		989DD3C01BA42E36000ACD5C /* Frameworks */ = {
			isa = PBXFrameworksBuildPhase;
			buildActionMask = 2147483647;
			files = (
			);
			runOnlyForDeploymentPostprocessing = 0;
		};
		989DD3D91BA42E36000ACD5C /* Frameworks */ = {
			isa = PBXFrameworksBuildPhase;
			buildActionMask = 2147483647;
			files = (
			);
			runOnlyForDeploymentPostprocessing = 0;
		};
/* End PBXFrameworksBuildPhase section */

/* Begin PBXGroup section */
		989DD3BA1BA42E36000ACD5C = {
			isa = PBXGroup;
			children = (
				989DD3C51BA42E36000ACD5C /* NSDateUtil */,
				989DD3DF1BA42E36000ACD5C /* NSDateUtilTests */,
				989DD3C41BA42E36000ACD5C /* Products */,
			);
			sourceTree = "<group>";
		};
		989DD3C41BA42E36000ACD5C /* Products */ = {
			isa = PBXGroup;
			children = (
				989DD3C31BA42E36000ACD5C /* NSDateUtil.app */,
				989DD3DC1BA42E36000ACD5C /* NSDateUtilTests.xctest */,
			);
			name = Products;
			sourceTree = "<group>";
		};
		989DD3C51BA42E36000ACD5C /* NSDateUtil */ = {
			isa = PBXGroup;
			children = (
				989DD3EC1BA430EE000ACD5C /* lib */,
				989DD3CA1BA42E36000ACD5C /* AppDelegate.h */,
				989DD3CB1BA42E36000ACD5C /* AppDelegate.m */,
				989DD3CD1BA42E36000ACD5C /* ViewController.h */,
				989DD3CE1BA42E36000ACD5C /* ViewController.m */,
				989DD3D01BA42E36000ACD5C /* Main.storyboard */,
				989DD3D31BA42E36000ACD5C /* Images.xcassets */,
				989DD3D51BA42E36000ACD5C /* LaunchScreen.xib */,
				989DD3C61BA42E36000ACD5C /* Supporting Files */,
			);
			path = NSDateUtil;
			sourceTree = "<group>";
		};
		989DD3C61BA42E36000ACD5C /* Supporting Files */ = {
			isa = PBXGroup;
			children = (
				989DD3C71BA42E36000ACD5C /* Info.plist */,
				989DD3C81BA42E36000ACD5C /* main.m */,
			);
			name = "Supporting Files";
			sourceTree = "<group>";
		};
		989DD3DF1BA42E36000ACD5C /* NSDateUtilTests */ = {
			isa = PBXGroup;
			children = (
				989DD3E21BA42E36000ACD5C /* NSDateUtilTests.m */,
				989DD3E01BA42E36000ACD5C /* Supporting Files */,
			);
			path = NSDateUtilTests;
			sourceTree = "<group>";
		};
		989DD3E01BA42E36000ACD5C /* Supporting Files */ = {
			isa = PBXGroup;
			children = (
				989DD3E11BA42E36000ACD5C /* Info.plist */,
			);
			name = "Supporting Files";
			sourceTree = "<group>";
		};
		989DD3EC1BA430EE000ACD5C /* lib */ = {
			isa = PBXGroup;
			children = (
				989DD3ED1BA430EE000ACD5C /* NSDate+Util.h */,
				989DD3EE1BA430EE000ACD5C /* NSDate+Util.m */,
			);
			path = lib;
			sourceTree = "<group>";
		};
/* End PBXGroup section */

/* Begin PBXNativeTarget section */
		989DD3C21BA42E36000ACD5C /* NSDateUtil */ = {
			isa = PBXNativeTarget;
			buildConfigurationList = 989DD3E61BA42E36000ACD5C /* Build configuration list for PBXNativeTarget "NSDateUtil" */;
			buildPhases = (
				989DD3BF1BA42E36000ACD5C /* Sources */,
				989DD3C01BA42E36000ACD5C /* Frameworks */,
				989DD3C11BA42E36000ACD5C /* Resources */,
			);
			buildRules = (
			);
			dependencies = (
			);
			name = NSDateUtil;
			productName = NSDateUtil;
			productReference = 989DD3C31BA42E36000ACD5C /* NSDateUtil.app */;
			productType = "com.apple.product-type.application";
		};
		989DD3DB1BA42E36000ACD5C /* NSDateUtilTests */ = {
			isa = PBXNativeTarget;
			buildConfigurationList = 989DD3E91BA42E36000ACD5C /* Build configuration list for PBXNativeTarget "NSDateUtilTests" */;
			buildPhases = (
				989DD3D81BA42E36000ACD5C /* Sources */,
				989DD3D91BA42E36000ACD5C /* Frameworks */,
				989DD3DA1BA42E36000ACD5C /* Resources */,
			);
			buildRules = (
			);
			dependencies = (
				989DD3DE1BA42E36000ACD5C /* PBXTargetDependency */,
			);
			name = NSDateUtilTests;
			productName = NSDateUtilTests;
			productReference = 989DD3DC1BA42E36000ACD5C /* NSDateUtilTests.xctest */;
			productType = "com.apple.product-type.bundle.unit-test";
		};
/* End PBXNativeTarget section */

/* Begin PBXProject section */
		989DD3BB1BA42E36000ACD5C /* Project object */ = {
			isa = PBXProject;
			attributes = {
				LastUpgradeCheck = 0640;
				ORGANIZATIONNAME = fox;
				TargetAttributes = {
					989DD3C21BA42E36000ACD5C = {
						CreatedOnToolsVersion = 6.4;
					};
					989DD3DB1BA42E36000ACD5C = {
						CreatedOnToolsVersion = 6.4;
						TestTargetID = 989DD3C21BA42E36000ACD5C;
					};
				};
			};
			buildConfigurationList = 989DD3BE1BA42E36000ACD5C /* Build configuration list for PBXProject "NSDateUtil" */;
			compatibilityVersion = "Xcode 3.2";
			developmentRegion = English;
			hasScannedForEncodings = 0;
			knownRegions = (
				en,
				Base,
			);
			mainGroup = 989DD3BA1BA42E36000ACD5C;
			productRefGroup = 989DD3C41BA42E36000ACD5C /* Products */;
			projectDirPath = "";
			projectRoot = "";
			targets = (
				989DD3C21BA42E36000ACD5C /* NSDateUtil */,
				989DD3DB1BA42E36000ACD5C /* NSDateUtilTests */,
			);
		};
/* End PBXProject section */

/* Begin PBXResourcesBuildPhase section */
		989DD3C11BA42E36000ACD5C /* Resources */ = {
			isa = PBXResourcesBuildPhase;
			buildActionMask = 2147483647;
			files = (
				989DD3D21BA42E36000ACD5C /* Main.storyboard in Resources */,
				989DD3D71BA42E36000ACD5C /* LaunchScreen.xib in Resources */,
				989DD3D41BA42E36000ACD5C /* Images.xcassets in Resources */,
			);
			runOnlyForDeploymentPostprocessing = 0;
		};
		989DD3DA1BA42E36000ACD5C /* Resources */ = {
			isa = PBXResourcesBuildPhase;
			buildActionMask = 2147483647;
			files = (
			);
			runOnlyForDeploymentPostprocessing = 0;
		};
/* End PBXResourcesBuildPhase section */

/* Begin PBXSourcesBuildPhase section */
		989DD3BF1BA42E36000ACD5C /* Sources */ = {
			isa = PBXSourcesBuildPhase;
			buildActionMask = 2147483647;
			files = (
				989DD3EF1BA430EE000ACD5C /* NSDate+Util.m in Sources */,
				989DD3CF1BA42E36000ACD5C /* ViewController.m in Sources */,
				989DD3CC1BA42E36000ACD5C /* AppDelegate.m in Sources */,
				989DD3C91BA42E36000ACD5C /* main.m in Sources */,
			);
			runOnlyForDeploymentPostprocessing = 0;
		};
		989DD3D81BA42E36000ACD5C /* Sources */ = {
			isa = PBXSourcesBuildPhase;
			buildActionMask = 2147483647;
			files = (
				989DD3E31BA42E36000ACD5C /* NSDateUtilTests.m in Sources */,
			);
			runOnlyForDeploymentPostprocessing = 0;
		};
/* End PBXSourcesBuildPhase section */

/* Begin PBXTargetDependency section */
		989DD3DE1BA42E36000ACD5C /* PBXTargetDependency */ = {
			isa = PBXTargetDependency;
			target = 989DD3C21BA42E36000ACD5C /* NSDateUtil */;
			targetProxy = 989DD3DD1BA42E36000ACD5C /* PBXContainerItemProxy */;
		};
/* End PBXTargetDependency section */

/* Begin PBXVariantGroup section */
		989DD3D01BA42E36000ACD5C /* Main.storyboard */ = {
			isa = PBXVariantGroup;
			children = (
				989DD3D11BA42E36000ACD5C /* Base */,
			);
			name = Main.storyboard;
			sourceTree = "<group>";
		};
		989DD3D51BA42E36000ACD5C /* LaunchScreen.xib */ = {
			isa = PBXVariantGroup;
			children = (
				989DD3D61BA42E36000ACD5C /* Base */,
			);
			name = LaunchScreen.xib;
			sourceTree = "<group>";
		};
/* End PBXVariantGroup section */

/* Begin XCBuildConfiguration section */
		989DD3E41BA42E36000ACD5C /* Debug */ = {
			isa = XCBuildConfiguration;
			buildSettings = {
				ALWAYS_SEARCH_USER_PATHS = NO;
				CLANG_CXX_LANGUAGE_STANDARD = "gnu++0x";
				CLANG_CXX_LIBRARY = "libc++";
				CLANG_ENABLE_MODULES = YES;
				CLANG_ENABLE_OBJC_ARC = YES;
				CLANG_WARN_BOOL_CONVERSION = YES;
				CLANG_WARN_CONSTANT_CONVERSION = YES;
				CLANG_WARN_DIRECT_OBJC_ISA_USAGE = YES_ERROR;
				CLANG_WARN_EMPTY_BODY = YES;
				CLANG_WARN_ENUM_CONVERSION = YES;
				CLANG_WARN_INT_CONVERSION = YES;
				CLANG_WARN_OBJC_ROOT_CLASS = YES_ERROR;
				CLANG_WARN_UNREACHABLE_CODE = YES;
				CLANG_WARN__DUPLICATE_METHOD_MATCH = YES;
				"CODE_SIGN_IDENTITY[sdk=iphoneos*]" = "iPhone Developer";
				COPY_PHASE_STRIP = NO;
				DEBUG_INFORMATION_FORMAT = "dwarf-with-dsym";
				ENABLE_STRICT_OBJC_MSGSEND = YES;
				GCC_C_LANGUAGE_STANDARD = gnu99;
				GCC_DYNAMIC_NO_PIC = NO;
				GCC_NO_COMMON_BLOCKS = YES;
				GCC_OPTIMIZATION_LEVEL = 0;
				GCC_PREPROCESSOR_DEFINITIONS = (
					"DEBUG=1",
					"$(inherited)",
				);
				GCC_SYMBOLS_PRIVATE_EXTERN = NO;
				GCC_WARN_64_TO_32_BIT_CONVERSION = YES;
				GCC_WARN_ABOUT_RETURN_TYPE = YES_ERROR;
				GCC_WARN_UNDECLARED_SELECTOR = YES;
				GCC_WARN_UNINITIALIZED_AUTOS = YES_AGGRESSIVE;
				GCC_WARN_UNUSED_FUNCTION = YES;
				GCC_WARN_UNUSED_VARIABLE = YES;
				IPHONEOS_DEPLOYMENT_TARGET = 8.4;
				MTL_ENABLE_DEBUG_INFO = YES;
				ONLY_ACTIVE_ARCH = YES;
				SDKROOT = iphoneos;
			};
			name = Debug;
		};
		989DD3E51BA42E36000ACD5C /* Release */ = {
			isa = XCBuildConfiguration;
			buildSettings = {
				ALWAYS_SEARCH_USER_PATHS = NO;
				CLANG_CXX_LANGUAGE_STANDARD = "gnu++0x";
				CLANG_CXX_LIBRARY = "libc++";
				CLANG_ENABLE_MODULES = YES;
				CLANG_ENABLE_OBJC_ARC = YES;
				CLANG_WARN_BOOL_CONVERSION = YES;
				CLANG_WARN_CONSTANT_CONVERSION = YES;
				CLANG_WARN_DIRECT_OBJC_ISA_USAGE = YES_ERROR;
				CLANG_WARN_EMPTY_BODY = YES;
				CLANG_WARN_ENUM_CONVERSION = YES;
				CLANG_WARN_INT_CONVERSION = YES;
				CLANG_WARN_OBJC_ROOT_CLASS = YES_ERROR;
				CLANG_WARN_UNREACHABLE_CODE = YES;
				CLANG_WARN__DUPLICATE_METHOD_MATCH = YES;
				"CODE_SIGN_IDENTITY[sdk=iphoneos*]" = "iPhone Developer";
				COPY_PHASE_STRIP = NO;
				DEBUG_INFORMATION_FORMAT = "dwarf-with-dsym";
				ENABLE_NS_ASSERTIONS = NO;
				ENABLE_STRICT_OBJC_MSGSEND = YES;
				GCC_C_LANGUAGE_STANDARD = gnu99;
				GCC_NO_COMMON_BLOCKS = YES;
				GCC_WARN_64_TO_32_BIT_CONVERSION = YES;
				GCC_WARN_ABOUT_RETURN_TYPE = YES_ERROR;
				GCC_WARN_UNDECLARED_SELECTOR = YES;
				GCC_WARN_UNINITIALIZED_AUTOS = YES_AGGRESSIVE;
				GCC_WARN_UNUSED_FUNCTION = YES;
				GCC_WARN_UNUSED_VARIABLE = YES;
				IPHONEOS_DEPLOYMENT_TARGET = 8.4;
				MTL_ENABLE_DEBUG_INFO = NO;
				SDKROOT = iphoneos;
				VALIDATE_PRODUCT = YES;
			};
			name = Release;
		};
		989DD3E71BA42E36000ACD5C /* Debug */ = {
			isa = XCBuildConfiguration;
			buildSettings = {
				ASSETCATALOG_COMPILER_APPICON_NAME = AppIcon;
				INFOPLIST_FILE = NSDateUtil/Info.plist;
				IPHONEOS_DEPLOYMENT_TARGET = 5.1.1;
				LD_RUNPATH_SEARCH_PATHS = "$(inherited) @executable_path/Frameworks";
				PRODUCT_NAME = "$(TARGET_NAME)";
			};
			name = Debug;
		};
		989DD3E81BA42E36000ACD5C /* Release */ = {
			isa = XCBuildConfiguration;
			buildSettings = {
				ASSETCATALOG_COMPILER_APPICON_NAME = AppIcon;
				INFOPLIST_FILE = NSDateUtil/Info.plist;
				IPHONEOS_DEPLOYMENT_TARGET = 5.1.1;
				LD_RUNPATH_SEARCH_PATHS = "$(inherited) @executable_path/Frameworks";
				PRODUCT_NAME = "$(TARGET_NAME)";
			};
			name = Release;
		};
		989DD3EA1BA42E36000ACD5C /* Debug */ = {
			isa = XCBuildConfiguration;
			buildSettings = {
				BUNDLE_LOADER = "$(TEST_HOST)";
				FRAMEWORK_SEARCH_PATHS = (
					"$(SDKROOT)/Developer/Library/Frameworks",
					"$(inherited)",
				);
				GCC_PREPROCESSOR_DEFINITIONS = (
					"DEBUG=1",
					"$(inherited)",
				);
				INFOPLIST_FILE = NSDateUtilTests/Info.plist;
				LD_RUNPATH_SEARCH_PATHS = "$(inherited) @executable_path/Frameworks @loader_path/Frameworks";
				PRODUCT_NAME = "$(TARGET_NAME)";
				TEST_HOST = "$(BUILT_PRODUCTS_DIR)/NSDateUtil.app/NSDateUtil";
			};
			name = Debug;
		};
		989DD3EB1BA42E36000ACD5C /* Release */ = {
			isa = XCBuildConfiguration;
			buildSettings = {
				BUNDLE_LOADER = "$(TEST_HOST)";
				FRAMEWORK_SEARCH_PATHS = (
					"$(SDKROOT)/Developer/Library/Frameworks",
					"$(inherited)",
				);
				INFOPLIST_FILE = NSDateUtilTests/Info.plist;
				LD_RUNPATH_SEARCH_PATHS = "$(inherited) @executable_path/Frameworks @loader_path/Frameworks";
				PRODUCT_NAME = "$(TARGET_NAME)";
				TEST_HOST = "$(BUILT_PRODUCTS_DIR)/NSDateUtil.app/NSDateUtil";
			};
			name = Release;
		};
/* End XCBuildConfiguration section */

/* Begin XCConfigurationList section */
		989DD3BE1BA42E36000ACD5C /* Build configuration list for PBXProject "NSDateUtil" */ = {
			isa = XCConfigurationList;
			buildConfigurations = (
				989DD3E41BA42E36000ACD5C /* Debug */,
				989DD3E51BA42E36000ACD5C /* Release */,
			);
			defaultConfigurationIsVisible = 0;
			defaultConfigurationName = Release;
		};
		989DD3E61BA42E36000ACD5C /* Build configuration list for PBXNativeTarget "NSDateUtil" */ = {
			isa = XCConfigurationList;
			buildConfigurations = (
				989DD3E71BA42E36000ACD5C /* Debug */,
				989DD3E81BA42E36000ACD5C /* Release */,
			);
			defaultConfigurationIsVisible = 0;
		};
		989DD3E91BA42E36000ACD5C /* Build configuration list for PBXNativeTarget "NSDateUtilTests" */ = {
			isa = XCConfigurationList;
			buildConfigurations = (
				989DD3EA1BA42E36000ACD5C /* Debug */,
				989DD3EB1BA42E36000ACD5C /* Release */,
			);
			defaultConfigurationIsVisible = 0;
		};
/* End XCConfigurationList section */
	};
	rootObject = 989DD3BB1BA42E36000ACD5C /* Project object */;
}
